
Microsoft Visual Studio Solution File, Format Version 12.00
# Visual Studio 14
VisualStudioVersion = 14.0.25123.0
MinimumVisualStudioVersion = 10.0.40219.1
Project("{FAE04EC0-301F-11D3-BF4B-00C04F79EFBC}") = "Markdig.Wpf", "Markdig.Wpf\Markdig.Wpf.csproj", "{01E40FB5-B4E9-489D-98D5-4771DDC2D1D7}"
EndProject
Project("{FAE04EC0-301F-11D3-BF4B-00C04F79EFBC}") = "Markdig.Wpf.SampleApp", "Markdig.Wpf.SampleApp\Markdig.Wpf.SampleApp.csproj", "{1523C4F0-A3E2-4440-9DD2-B3A3190FD2C4}"
EndProject
Global
	GlobalSection(SolutionConfigurationPlatforms) = preSolution
		Debug|Any CPU = Debug|Any CPU
		Release|Any CPU = Release|Any CPU
	EndGlobalSection
	GlobalSection(ProjectConfigurationPlatforms) = postSolution
		{01E40FB5-B4E9-489D-98D5-4771DDC2D1D7}.Debug|Any CPU.ActiveCfg = Debug|Any CPU
		{01E40FB5-B4E9-489D-98D5-4771DDC2D1D7}.Debug|Any CPU.Build.0 = Debug|Any CPU
		{01E40FB5-B4E9-489D-98D5-4771DDC2D1D7}.Release|Any CPU.ActiveCfg = Release|Any CPU
		{01E40FB5-B4E9-489D-98D5-4771DDC2D1D7}.Release|Any CPU.Build.0 = Release|Any CPU
		{1523C4F0-A3E2-4440-9DD2-B3A3190FD2C4}.Debug|Any CPU.ActiveCfg = Debug|Any CPU
		{1523C4F0-A3E2-4440-9DD2-B3A3190FD2C4}.Debug|Any CPU.Build.0 = Debug|Any CPU
		{1523C4F0-A3E2-4440-9DD2-B3A3190FD2C4}.Release|Any CPU.ActiveCfg = Release|Any CPU
		{1523C4F0-A3E2-4440-9DD2-B3A3190FD2C4}.Release|Any CPU.Build.0 = Release|Any CPU
	EndGlobalSection
	GlobalSection(SolutionProperties) = preSolution
		HideSolutionNode = FALSE
	EndGlobalSection
EndGlobal
